
Microsoft Visual Studio Solution File, Format Version 12.00
# Visual Studio Version 16
VisualStudioVersion = 16.0.30114.105
MinimumVisualStudioVersion = 10.0.40219.1
Project("{2150E333-8FDC-42A3-9474-1A3956D46DE8}") = "Ej1", "Ej1", "{445AD69A-7251-4080-A9F6-D677FD4B6300}"
EndProject
Project("{FAE04EC0-301F-11D3-BF4B-00C04F79EFBC}") = "Ej1", "Ej1\Ej1\Ej1.csproj", "{43E49D6B-2119-4F87-9F8C-D0888A6A3629}"
EndProject
Project("{FAE04EC0-301F-11D3-BF4B-00C04F79EFBC}") = "Ej1.test", "Ej1\Ej1.test\Ej1.test.csproj", "{BFAD0C94-9C06-4AB6-BBE8-50433F17343B}"
EndProject
Project("{2150E333-8FDC-42A3-9474-1A3956D46DE8}") = "Ej2", "Ej2", "{BA4F904E-563F-461E-85DF-A0F89D8B398D}"
EndProject
Project("{FAE04EC0-301F-11D3-BF4B-00C04F79EFBC}") = "Ej2", "Ej2\Ej2\Ej2.csproj", "{B7C716A8-76CA-4B5B-9D9B-747C160312F9}"
EndProject
Project("{FAE04EC0-301F-11D3-BF4B-00C04F79EFBC}") = "Ej2.test", "Ej2\Ej2.test\Ej2.test.csproj", "{0C9EDB49-8784-489D-A9E0-A786C4EECC9E}"
EndProject
Project("{FAE04EC0-301F-11D3-BF4B-00C04F79EFBC}") = "Ej3", "Ej3\Ej3.csproj", "{8BB1BF55-E462-48F9-AD67-60FD7B14C218}"
EndProject
Project("{2150E333-8FDC-42A3-9474-1A3956D46DE8}") = "Ej3", "Ej3", "{3106B195-C3E3-4D41-A1D2-C30E9AE43745}"
EndProject
Project("{FAE04EC0-301F-11D3-BF4B-00C04F79EFBC}") = "Ej3.Tests", "Ej3\Ej3.Tests\Ej3.Tests.csproj", "{05B52A65-2058-449F-8B8A-BBD213987475}"
EndProject
Project("{FAE04EC0-301F-11D3-BF4B-00C04F79EFBC}") = "Ej4", "Ej4\Ej4.csproj", "{5A5C9E75-89FE-4DD9-AE69-371D23A80B87}"
EndProject
Project("{2150E333-8FDC-42A3-9474-1A3956D46DE8}") = "Ej4", "Ej4", "{F3827189-416B-4B53-9BD6-BD985B79EA6C}"
EndProject
Project("{FAE04EC0-301F-11D3-BF4B-00C04F79EFBC}") = "Ej4.test", "Ej4\Ej4.test\Ej4.test.csproj", "{D33BE221-B18A-4733-A57E-3F13ACA78E55}"
EndProject
Global
	GlobalSection(SolutionConfigurationPlatforms) = preSolution
		Debug|Any CPU = Debug|Any CPU
		Debug|x64 = Debug|x64
		Debug|x86 = Debug|x86
		Release|Any CPU = Release|Any CPU
		Release|x64 = Release|x64
		Release|x86 = Release|x86
	EndGlobalSection
	GlobalSection(SolutionProperties) = preSolution
		HideSolutionNode = FALSE
	EndGlobalSection
	GlobalSection(ProjectConfigurationPlatforms) = postSolution
		{43E49D6B-2119-4F87-9F8C-D0888A6A3629}.Debug|Any CPU.ActiveCfg = Debug|Any CPU
		{43E49D6B-2119-4F87-9F8C-D0888A6A3629}.Debug|Any CPU.Build.0 = Debug|Any CPU
		{43E49D6B-2119-4F87-9F8C-D0888A6A3629}.Debug|x64.ActiveCfg = Debug|Any CPU
		{43E49D6B-2119-4F87-9F8C-D0888A6A3629}.Debug|x64.Build.0 = Debug|Any CPU
		{43E49D6B-2119-4F87-9F8C-D0888A6A3629}.Debug|x86.ActiveCfg = Debug|Any CPU
		{43E49D6B-2119-4F87-9F8C-D0888A6A3629}.Debug|x86.Build.0 = Debug|Any CPU
		{43E49D6B-2119-4F87-9F8C-D0888A6A3629}.Release|Any CPU.ActiveCfg = Release|Any CPU
		{43E49D6B-2119-4F87-9F8C-D0888A6A3629}.Release|Any CPU.Build.0 = Release|Any CPU
		{43E49D6B-2119-4F87-9F8C-D0888A6A3629}.Release|x64.ActiveCfg = Release|Any CPU
		{43E49D6B-2119-4F87-9F8C-D0888A6A3629}.Release|x64.Build.0 = Release|Any CPU
		{43E49D6B-2119-4F87-9F8C-D0888A6A3629}.Release|x86.ActiveCfg = Release|Any CPU
		{43E49D6B-2119-4F87-9F8C-D0888A6A3629}.Release|x86.Build.0 = Release|Any CPU
		{BFAD0C94-9C06-4AB6-BBE8-50433F17343B}.Debug|Any CPU.ActiveCfg = Debug|Any CPU
		{BFAD0C94-9C06-4AB6-BBE8-50433F17343B}.Debug|Any CPU.Build.0 = Debug|Any CPU
		{BFAD0C94-9C06-4AB6-BBE8-50433F17343B}.Debug|x64.ActiveCfg = Debug|Any CPU
		{BFAD0C94-9C06-4AB6-BBE8-50433F17343B}.Debug|x64.Build.0 = Debug|Any CPU
		{BFAD0C94-9C06-4AB6-BBE8-50433F17343B}.Debug|x86.ActiveCfg = Debug|Any CPU
		{BFAD0C94-9C06-4AB6-BBE8-50433F17343B}.Debug|x86.Build.0 = Debug|Any CPU
		{BFAD0C94-9C06-4AB6-BBE8-50433F17343B}.Release|Any CPU.ActiveCfg = Release|Any CPU
		{BFAD0C94-9C06-4AB6-BBE8-50433F17343B}.Release|Any CPU.Build.0 = Release|Any CPU
		{BFAD0C94-9C06-4AB6-BBE8-50433F17343B}.Release|x64.ActiveCfg = Release|Any CPU
		{BFAD0C94-9C06-4AB6-BBE8-50433F17343B}.Release|x64.Build.0 = Release|Any CPU
		{BFAD0C94-9C06-4AB6-BBE8-50433F17343B}.Release|x86.ActiveCfg = Release|Any CPU
		{BFAD0C94-9C06-4AB6-BBE8-50433F17343B}.Release|x86.Build.0 = Release|Any CPU
		{B7C716A8-76CA-4B5B-9D9B-747C160312F9}.Debug|Any CPU.ActiveCfg = Debug|Any CPU
		{B7C716A8-76CA-4B5B-9D9B-747C160312F9}.Debug|Any CPU.Build.0 = Debug|Any CPU
		{B7C716A8-76CA-4B5B-9D9B-747C160312F9}.Debug|x64.ActiveCfg = Debug|Any CPU
		{B7C716A8-76CA-4B5B-9D9B-747C160312F9}.Debug|x64.Build.0 = Debug|Any CPU
		{B7C716A8-76CA-4B5B-9D9B-747C160312F9}.Debug|x86.ActiveCfg = Debug|Any CPU
		{B7C716A8-76CA-4B5B-9D9B-747C160312F9}.Debug|x86.Build.0 = Debug|Any CPU
		{B7C716A8-76CA-4B5B-9D9B-747C160312F9}.Release|Any CPU.ActiveCfg = Release|Any CPU
		{B7C716A8-76CA-4B5B-9D9B-747C160312F9}.Release|Any CPU.Build.0 = Release|Any CPU
		{B7C716A8-76CA-4B5B-9D9B-747C160312F9}.Release|x64.ActiveCfg = Release|Any CPU
		{B7C716A8-76CA-4B5B-9D9B-747C160312F9}.Release|x64.Build.0 = Release|Any CPU
		{B7C716A8-76CA-4B5B-9D9B-747C160312F9}.Release|x86.ActiveCfg = Release|Any CPU
		{B7C716A8-76CA-4B5B-9D9B-747C160312F9}.Release|x86.Build.0 = Release|Any CPU
		{0C9EDB49-8784-489D-A9E0-A786C4EECC9E}.Debug|Any CPU.ActiveCfg = Debug|Any CPU
		{0C9EDB49-8784-489D-A9E0-A786C4EECC9E}.Debug|Any CPU.Build.0 = Debug|Any CPU
		{0C9EDB49-8784-489D-A9E0-A786C4EECC9E}.Debug|x64.ActiveCfg = Debug|Any CPU
		{0C9EDB49-8784-489D-A9E0-A786C4EECC9E}.Debug|x64.Build.0 = Debug|Any CPU
		{0C9EDB49-8784-489D-A9E0-A786C4EECC9E}.Debug|x86.ActiveCfg = Debug|Any CPU
		{0C9EDB49-8784-489D-A9E0-A786C4EECC9E}.Debug|x86.Build.0 = Debug|Any CPU
		{0C9EDB49-8784-489D-A9E0-A786C4EECC9E}.Release|Any CPU.ActiveCfg = Release|Any CPU
		{0C9EDB49-8784-489D-A9E0-A786C4EECC9E}.Release|Any CPU.Build.0 = Release|Any CPU
		{0C9EDB49-8784-489D-A9E0-A786C4EECC9E}.Release|x64.ActiveCfg = Release|Any CPU
		{0C9EDB49-8784-489D-A9E0-A786C4EECC9E}.Release|x64.Build.0 = Release|Any CPU
		{0C9EDB49-8784-489D-A9E0-A786C4EECC9E}.Release|x86.ActiveCfg = Release|Any CPU
		{0C9EDB49-8784-489D-A9E0-A786C4EECC9E}.Release|x86.Build.0 = Release|Any CPU
		{8BB1BF55-E462-48F9-AD67-60FD7B14C218}.Debug|Any CPU.ActiveCfg = Debug|Any CPU
		{8BB1BF55-E462-48F9-AD67-60FD7B14C218}.Debug|Any CPU.Build.0 = Debug|Any CPU
		{8BB1BF55-E462-48F9-AD67-60FD7B14C218}.Debug|x64.ActiveCfg = Debug|Any CPU
		{8BB1BF55-E462-48F9-AD67-60FD7B14C218}.Debug|x64.Build.0 = Debug|Any CPU
		{8BB1BF55-E462-48F9-AD67-60FD7B14C218}.Debug|x86.ActiveCfg = Debug|Any CPU
		{8BB1BF55-E462-48F9-AD67-60FD7B14C218}.Debug|x86.Build.0 = Debug|Any CPU
		{8BB1BF55-E462-48F9-AD67-60FD7B14C218}.Release|Any CPU.ActiveCfg = Release|Any CPU
		{8BB1BF55-E462-48F9-AD67-60FD7B14C218}.Release|Any CPU.Build.0 = Release|Any CPU
		{8BB1BF55-E462-48F9-AD67-60FD7B14C218}.Release|x64.ActiveCfg = Release|Any CPU
		{8BB1BF55-E462-48F9-AD67-60FD7B14C218}.Release|x64.Build.0 = Release|Any CPU
		{8BB1BF55-E462-48F9-AD67-60FD7B14C218}.Release|x86.ActiveCfg = Release|Any CPU
		{8BB1BF55-E462-48F9-AD67-60FD7B14C218}.Release|x86.Build.0 = Release|Any CPU
		{05B52A65-2058-449F-8B8A-BBD213987475}.Debug|Any CPU.ActiveCfg = Debug|Any CPU
		{05B52A65-2058-449F-8B8A-BBD213987475}.Debug|Any CPU.Build.0 = Debug|Any CPU
		{05B52A65-2058-449F-8B8A-BBD213987475}.Debug|x64.ActiveCfg = Debug|Any CPU
		{05B52A65-2058-449F-8B8A-BBD213987475}.Debug|x64.Build.0 = Debug|Any CPU
		{05B52A65-2058-449F-8B8A-BBD213987475}.Debug|x86.ActiveCfg = Debug|Any CPU
		{05B52A65-2058-449F-8B8A-BBD213987475}.Debug|x86.Build.0 = Debug|Any CPU
		{05B52A65-2058-449F-8B8A-BBD213987475}.Release|Any CPU.ActiveCfg = Release|Any CPU
		{05B52A65-2058-449F-8B8A-BBD213987475}.Release|Any CPU.Build.0 = Release|Any CPU
		{05B52A65-2058-449F-8B8A-BBD213987475}.Release|x64.ActiveCfg = Release|Any CPU
		{05B52A65-2058-449F-8B8A-BBD213987475}.Release|x64.Build.0 = Release|Any CPU
		{05B52A65-2058-449F-8B8A-BBD213987475}.Release|x86.ActiveCfg = Release|Any CPU
		{05B52A65-2058-449F-8B8A-BBD213987475}.Release|x86.Build.0 = Release|Any CPU
		{5A5C9E75-89FE-4DD9-AE69-371D23A80B87}.Debug|Any CPU.ActiveCfg = Debug|Any CPU
		{5A5C9E75-89FE-4DD9-AE69-371D23A80B87}.Debug|Any CPU.Build.0 = Debug|Any CPU
		{5A5C9E75-89FE-4DD9-AE69-371D23A80B87}.Debug|x64.ActiveCfg = Debug|Any CPU
		{5A5C9E75-89FE-4DD9-AE69-371D23A80B87}.Debug|x64.Build.0 = Debug|Any CPU
		{5A5C9E75-89FE-4DD9-AE69-371D23A80B87}.Debug|x86.ActiveCfg = Debug|Any CPU
		{5A5C9E75-89FE-4DD9-AE69-371D23A80B87}.Debug|x86.Build.0 = Debug|Any CPU
		{5A5C9E75-89FE-4DD9-AE69-371D23A80B87}.Release|Any CPU.ActiveCfg = Release|Any CPU
		{5A5C9E75-89FE-4DD9-AE69-371D23A80B87}.Release|Any CPU.Build.0 = Release|Any CPU
		{5A5C9E75-89FE-4DD9-AE69-371D23A80B87}.Release|x64.ActiveCfg = Release|Any CPU
		{5A5C9E75-89FE-4DD9-AE69-371D23A80B87}.Release|x64.Build.0 = Release|Any CPU
		{5A5C9E75-89FE-4DD9-AE69-371D23A80B87}.Release|x86.ActiveCfg = Release|Any CPU
		{5A5C9E75-89FE-4DD9-AE69-371D23A80B87}.Release|x86.Build.0 = Release|Any CPU
		{D33BE221-B18A-4733-A57E-3F13ACA78E55}.Debug|Any CPU.ActiveCfg = Debug|Any CPU
		{D33BE221-B18A-4733-A57E-3F13ACA78E55}.Debug|Any CPU.Build.0 = Debug|Any CPU
		{D33BE221-B18A-4733-A57E-3F13ACA78E55}.Debug|x64.ActiveCfg = Debug|Any CPU
		{D33BE221-B18A-4733-A57E-3F13ACA78E55}.Debug|x64.Build.0 = Debug|Any CPU
		{D33BE221-B18A-4733-A57E-3F13ACA78E55}.Debug|x86.ActiveCfg = Debug|Any CPU
		{D33BE221-B18A-4733-A57E-3F13ACA78E55}.Debug|x86.Build.0 = Debug|Any CPU
		{D33BE221-B18A-4733-A57E-3F13ACA78E55}.Release|Any CPU.ActiveCfg = Release|Any CPU
		{D33BE221-B18A-4733-A57E-3F13ACA78E55}.Release|Any CPU.Build.0 = Release|Any CPU
		{D33BE221-B18A-4733-A57E-3F13ACA78E55}.Release|x64.ActiveCfg = Release|Any CPU
		{D33BE221-B18A-4733-A57E-3F13ACA78E55}.Release|x64.Build.0 = Release|Any CPU
		{D33BE221-B18A-4733-A57E-3F13ACA78E55}.Release|x86.ActiveCfg = Release|Any CPU
		{D33BE221-B18A-4733-A57E-3F13ACA78E55}.Release|x86.Build.0 = Release|Any CPU
	EndGlobalSection
	GlobalSection(NestedProjects) = preSolution
		{43E49D6B-2119-4F87-9F8C-D0888A6A3629} = {445AD69A-7251-4080-A9F6-D677FD4B6300}
		{BFAD0C94-9C06-4AB6-BBE8-50433F17343B} = {445AD69A-7251-4080-A9F6-D677FD4B6300}
		{B7C716A8-76CA-4B5B-9D9B-747C160312F9} = {BA4F904E-563F-461E-85DF-A0F89D8B398D}
		{0C9EDB49-8784-489D-A9E0-A786C4EECC9E} = {BA4F904E-563F-461E-85DF-A0F89D8B398D}
		{05B52A65-2058-449F-8B8A-BBD213987475} = {3106B195-C3E3-4D41-A1D2-C30E9AE43745}
		{D33BE221-B18A-4733-A57E-3F13ACA78E55} = {F3827189-416B-4B53-9BD6-BD985B79EA6C}
	EndGlobalSection
EndGlobal
